
Microsoft Visual Studio Solution File, Format Version 12.00
# Visual Studio 15
VisualStudioVersion = 15.0.26124.0
MinimumVisualStudioVersion = 15.0.26124.0
Project("{FAE04EC0-301F-11D3-BF4B-00C04F79EFBC}") = "ProEventos.Application", "ProEventos.Application\ProEventos.Application.csproj", "{D9B9DB56-257C-4092-BE9C-08F88C80E8E4}"
EndProject
Project("{FAE04EC0-301F-11D3-BF4B-00C04F79EFBC}") = "ProEventos.Domain", "ProEventos.Domain\ProEventos.Domain.csproj", "{E8B5B096-F0E0-45A7-B892-7323BD17812A}"
EndProject
Project("{FAE04EC0-301F-11D3-BF4B-00C04F79EFBC}") = "ProEventos.Persistence", "ProEventos.Persistence\ProEventos.Persistence.csproj", "{E610E603-4E1D-49D3-9250-AAE664EF354A}"
EndProject
Global
	GlobalSection(SolutionConfigurationPlatforms) = preSolution
		Debug|Any CPU = Debug|Any CPU
		Debug|x64 = Debug|x64
		Debug|x86 = Debug|x86
		Release|Any CPU = Release|Any CPU
		Release|x64 = Release|x64
		Release|x86 = Release|x86
	EndGlobalSection
	GlobalSection(SolutionProperties) = preSolution
		HideSolutionNode = FALSE
	EndGlobalSection
	GlobalSection(ProjectConfigurationPlatforms) = postSolution
		{D9B9DB56-257C-4092-BE9C-08F88C80E8E4}.Debug|Any CPU.ActiveCfg = Debug|Any CPU
		{D9B9DB56-257C-4092-BE9C-08F88C80E8E4}.Debug|Any CPU.Build.0 = Debug|Any CPU
		{D9B9DB56-257C-4092-BE9C-08F88C80E8E4}.Debug|x64.ActiveCfg = Debug|Any CPU
		{D9B9DB56-257C-4092-BE9C-08F88C80E8E4}.Debug|x64.Build.0 = Debug|Any CPU
		{D9B9DB56-257C-4092-BE9C-08F88C80E8E4}.Debug|x86.ActiveCfg = Debug|Any CPU
		{D9B9DB56-257C-4092-BE9C-08F88C80E8E4}.Debug|x86.Build.0 = Debug|Any CPU
		{D9B9DB56-257C-4092-BE9C-08F88C80E8E4}.Release|Any CPU.ActiveCfg = Release|Any CPU
		{D9B9DB56-257C-4092-BE9C-08F88C80E8E4}.Release|Any CPU.Build.0 = Release|Any CPU
		{D9B9DB56-257C-4092-BE9C-08F88C80E8E4}.Release|x64.ActiveCfg = Release|Any CPU
		{D9B9DB56-257C-4092-BE9C-08F88C80E8E4}.Release|x64.Build.0 = Release|Any CPU
		{D9B9DB56-257C-4092-BE9C-08F88C80E8E4}.Release|x86.ActiveCfg = Release|Any CPU
		{D9B9DB56-257C-4092-BE9C-08F88C80E8E4}.Release|x86.Build.0 = Release|Any CPU
		{E8B5B096-F0E0-45A7-B892-7323BD17812A}.Debug|Any CPU.ActiveCfg = Debug|Any CPU
		{E8B5B096-F0E0-45A7-B892-7323BD17812A}.Debug|Any CPU.Build.0 = Debug|Any CPU
		{E8B5B096-F0E0-45A7-B892-7323BD17812A}.Debug|x64.ActiveCfg = Debug|Any CPU
		{E8B5B096-F0E0-45A7-B892-7323BD17812A}.Debug|x64.Build.0 = Debug|Any CPU
		{E8B5B096-F0E0-45A7-B892-7323BD17812A}.Debug|x86.ActiveCfg = Debug|Any CPU
		{E8B5B096-F0E0-45A7-B892-7323BD17812A}.Debug|x86.Build.0 = Debug|Any CPU
		{E8B5B096-F0E0-45A7-B892-7323BD17812A}.Release|Any CPU.ActiveCfg = Release|Any CPU
		{E8B5B096-F0E0-45A7-B892-7323BD17812A}.Release|Any CPU.Build.0 = Release|Any CPU
		{E8B5B096-F0E0-45A7-B892-7323BD17812A}.Release|x64.ActiveCfg = Release|Any CPU
		{E8B5B096-F0E0-45A7-B892-7323BD17812A}.Release|x64.Build.0 = Release|Any CPU
		{E8B5B096-F0E0-45A7-B892-7323BD17812A}.Release|x86.ActiveCfg = Release|Any CPU
		{E8B5B096-F0E0-45A7-B892-7323BD17812A}.Release|x86.Build.0 = Release|Any CPU
		{E610E603-4E1D-49D3-9250-AAE664EF354A}.Debug|Any CPU.ActiveCfg = Debug|Any CPU
		{E610E603-4E1D-49D3-9250-AAE664EF354A}.Debug|Any CPU.Build.0 = Debug|Any CPU
		{E610E603-4E1D-49D3-9250-AAE664EF354A}.Debug|x64.ActiveCfg = Debug|Any CPU
		{E610E603-4E1D-49D3-9250-AAE664EF354A}.Debug|x64.Build.0 = Debug|Any CPU
		{E610E603-4E1D-49D3-9250-AAE664EF354A}.Debug|x86.ActiveCfg = Debug|Any CPU
		{E610E603-4E1D-49D3-9250-AAE664EF354A}.Debug|x86.Build.0 = Debug|Any CPU
		{E610E603-4E1D-49D3-9250-AAE664EF354A}.Release|Any CPU.ActiveCfg = Release|Any CPU
		{E610E603-4E1D-49D3-9250-AAE664EF354A}.Release|Any CPU.Build.0 = Release|Any CPU
		{E610E603-4E1D-49D3-9250-AAE664EF354A}.Release|x64.ActiveCfg = Release|Any CPU
		{E610E603-4E1D-49D3-9250-AAE664EF354A}.Release|x64.Build.0 = Release|Any CPU
		{E610E603-4E1D-49D3-9250-AAE664EF354A}.Release|x86.ActiveCfg = Release|Any CPU
		{E610E603-4E1D-49D3-9250-AAE664EF354A}.Release|x86.Build.0 = Release|Any CPU
	EndGlobalSection
EndGlobal
